<?xml version="1.0" encoding="utf-8"?>
<Project ToolsVersion="4.0" xmlns="http://schemas.microsoft.com/developer/msbuild/2003">
  <ItemGroup>
    <Filter Include="Source Files">
      <UniqueIdentifier>{1d5a1221-13f0-40f2-a7c4-7256222a33a0}</UniqueIdentifier>
      <Extensions>cpp;c;cxx;rc;def;r;odl;idl;hpj;bat</Extensions>
    </Filter>
    <Filter Include="Header Files">
      <UniqueIdentifier>{9e1eb337-86a2-4711-89ed-f192eb11db55}</UniqueIdentifier>
      <Extensions>h;hpp;hxx;hm;inl</Extensions>
    </Filter>
    <Filter Include="Resource Files">
      <UniqueIdentifier>{01de67c7-4f41-4636-8478-74b5d8ee475d}</UniqueIdentifier>
      <Extensions>ico;cur;bmp;dlg;rc2;rct;bin;rgs;gif;jpg;jpeg;jpe</Extensions>
    </Filter>
    <Filter Include="Text Files">
      <UniqueIdentifier>{9a6b4c7e-161b-44f5-b5f2-501aca320adf}</UniqueIdentifier>
      <Extensions>txt</Extensions>
    </Filter>
  </ItemGroup>
  <ItemGroup>
    <ClCompile Include="..\src\altivec_common.c">
      <Filter>Source Files</Filter>
    </ClCompile>
    <ClCompile Include="..\src\altivec_typeconversion.c">
      <Filter>Source Files</Filter>
    </ClCompile>
    <ClCompile Include="..\src\il_alloc.c">
      <Filter>Source Files</Filter>
    </ClCompile>
    <ClCompile Include="..\src\il_bits.c">
      <Filter>Source Files</Filter>
    </ClCompile>
    <ClCompile Include="..\src\il_bmp.c">
      <Filter>Source Files</Filter>
    </ClCompile>
    <ClCompile Include="..\src\il_convbuff.c">
      <Filter>Source Files</Filter>
    </ClCompile>
    <ClCompile Include="..\src\il_convert.c">
      <Filter>Source Files</Filter>
    </ClCompile>
    <ClCompile Include="..\src\il_cut.c">
      <Filter>Source Files</Filter>
    </ClCompile>
    <ClCompile Include="..\src\il_dcx.c">
      <Filter>Source Files</Filter>
    </ClCompile>
    <ClCompile Include="..\src\il_dds-save.c">
      <Filter>Source Files</Filter>
    </ClCompile>
    <ClCompile Include="..\src\il_dds.c">
      <Filter>Source Files</Filter>
    </ClCompile>
    <ClCompile Include="..\src\il_devil.c">
      <Filter>Source Files</Filter>
    </ClCompile>
    <ClCompile Include="..\src\il_doom.c">
      <Filter>Source Files</Filter>
    </ClCompile>
    <ClCompile Include="..\src\il_endian.c">
      <Filter>Source Files</Filter>
    </ClCompile>
    <ClCompile Include="..\src\il_error.c">
      <Filter>Source Files</Filter>
    </ClCompile>
    <ClCompile Include="..\src\il_fastconv.c">
      <Filter>Source Files</Filter>
    </ClCompile>
    <ClCompile Include="..\src\il_files.c">
      <Filter>Source Files</Filter>
    </ClCompile>
    <ClCompile Include="..\src\il_gif.c">
      <Filter>Source Files</Filter>
    </ClCompile>
    <ClCompile Include="..\src\il_hdr.c">
      <Filter>Source Files</Filter>
    </ClCompile>
    <ClCompile Include="..\src\il_header.c">
      <Filter>Source Files</Filter>
    </ClCompile>
    <ClCompile Include="..\src\il_icns.c">
      <Filter>Source Files</Filter>
    </ClCompile>
    <ClCompile Include="..\src\il_icon.c">
      <Filter>Source Files</Filter>
    </ClCompile>
    <ClCompile Include="..\src\il_internal.c">
      <Filter>Source Files</Filter>
    </ClCompile>
    <ClCompile Include="..\src\il_io.c">
      <Filter>Source Files</Filter>
    </ClCompile>
    <ClCompile Include="..\src\il_jp2.c">
      <Filter>Source Files</Filter>
    </ClCompile>
    <ClCompile Include="..\src\il_jpeg.c">
      <Filter>Source Files</Filter>
    </ClCompile>
    <ClCompile Include="..\src\il_lif.c">
      <Filter>Source Files</Filter>
    </ClCompile>
    <ClCompile Include="..\src\il_main.c">
      <Filter>Source Files</Filter>
    </ClCompile>
    <ClCompile Include="..\src\il_manip.c">
      <Filter>Source Files</Filter>
    </ClCompile>
    <ClCompile Include="..\src\il_mdl.c">
      <Filter>Source Files</Filter>
    </ClCompile>
    <ClCompile Include="..\src\il_mng.c">
      <Filter>Source Files</Filter>
    </ClCompile>
    <ClCompile Include="..\src\il_neuquant.c">
      <Filter>Source Files</Filter>
    </ClCompile>
    <ClCompile Include="..\src\il_pal.c">
      <Filter>Source Files</Filter>
    </ClCompile>
    <ClCompile Include="..\src\il_pcd.c">
      <Filter>Source Files</Filter>
    </ClCompile>
    <ClCompile Include="..\src\il_pcx.c">
      <Filter>Source Files</Filter>
    </ClCompile>
    <ClCompile Include="..\src\il_pic.c">
      <Filter>Source Files</Filter>
    </ClCompile>
    <ClCompile Include="..\src\il_pix.c">
      <Filter>Source Files</Filter>
    </ClCompile>
    <ClCompile Include="..\src\il_png.c">
      <Filter>Source Files</Filter>
    </ClCompile>
    <ClCompile Include="..\src\il_pnm.c">
      <Filter>Source Files</Filter>
    </ClCompile>
    <ClCompile Include="..\src\il_profiles.c">
      <Filter>Source Files</Filter>
    </ClCompile>
    <ClCompile Include="..\src\il_psd.c">
      <Filter>Source Files</Filter>
    </ClCompile>
    <ClCompile Include="..\src\il_psp.c">
      <Filter>Source Files</Filter>
    </ClCompile>
    <ClCompile Include="..\src\il_pxr.c">
      <Filter>Source Files</Filter>
    </ClCompile>
    <ClCompile Include="..\src\il_quantizer.c">
      <Filter>Source Files</Filter>
    </ClCompile>
    <ClCompile Include="..\src\il_raw.c">
      <Filter>Source Files</Filter>
    </ClCompile>
    <ClCompile Include="..\src\il_rawdata.c">
      <Filter>Source Files</Filter>
    </ClCompile>
    <ClCompile Include="..\src\il_register.c">
      <Filter>Source Files</Filter>
    </ClCompile>
    <ClCompile Include="..\src\il_rle.c">
      <Filter>Source Files</Filter>
    </ClCompile>
    <ClCompile Include="..\src\il_sgi.c">
      <Filter>Source Files</Filter>
    </ClCompile>
    <ClCompile Include="..\src\il_stack.c">
      <Filter>Source Files</Filter>
    </ClCompile>
    <ClCompile Include="..\src\il_states.c">
      <Filter>Source Files</Filter>
    </ClCompile>
    <ClCompile Include="..\src\il_targa.c">
      <Filter>Source Files</Filter>
    </ClCompile>
    <ClCompile Include="..\src\il_tiff.c">
      <Filter>Source Files</Filter>
    </ClCompile>
    <ClCompile Include="..\src\il_utility.c">
      <Filter>Source Files</Filter>
    </ClCompile>
    <ClCompile Include="..\src\il_wal.c">
      <Filter>Source Files</Filter>
    </ClCompile>
    <ClCompile Include="..\src\il_xpm.c">
      <Filter>Source Files</Filter>
    </ClCompile>
  </ItemGroup>
  <ItemGroup>
    <None Include="resources\IL Logo.ico">
      <Filter>Resource Files</Filter>
    </None>
    <None Include="..\..\AUTHORS">
      <Filter>Text Files</Filter>
    </None>
    <None Include="..\..\BUGS">
      <Filter>Text Files</Filter>
    </None>
    <None Include="..\..\ChangeLog">
      <Filter>Text Files</Filter>
    </None>
    <None Include="..\..\CREDITS">
      <Filter>Text Files</Filter>
    </None>
    <None Include="..\..\libraries.txt">
      <Filter>Text Files</Filter>
    </None>
    <None Include="..\..\MSVC++.txt">
      <Filter>Text Files</Filter>
    </None>
    <None Include="..\..\README.unix">
      <Filter>Text Files</Filter>
    </None>
    <None Include="..\..\README.win">
      <Filter>Text Files</Filter>
    </None>
  </ItemGroup>
  <ItemGroup>
    <ClInclude Include="..\..\include\IL\config.h">
      <Filter>Header Files</Filter>
    </ClInclude>
    <ClInclude Include="..\..\include\IL\devil_internal_exports.h">
      <Filter>Header Files</Filter>
    </ClInclude>
    <ClInclude Include="..\..\include\il\il.h">
      <Filter>Header Files</Filter>
    </ClInclude>
    <ClInclude Include="..\include\il_alloc.h">
      <Filter>Header Files</Filter>
    </ClInclude>
    <ClInclude Include="..\include\il_bits.h">
      <Filter>Header Files</Filter>
    </ClInclude>
    <ClInclude Include="..\include\il_bmp.h">
      <Filter>Header Files</Filter>
    </ClInclude>
    <ClInclude Include="..\include\il_dcx.h">
      <Filter>Header Files</Filter>
    </ClInclude>
    <ClInclude Include="..\include\il_dds.h">
      <Filter>Header Files</Filter>
    </ClInclude>
    <ClInclude Include="..\include\il_doompal.h">
      <Filter>Header Files</Filter>
    </ClInclude>
    <ClInclude Include="..\include\il_endian.h">
      <Filter>Header Files</Filter>
    </ClInclude>
    <ClInclude Include="..\include\il_files.h">
      <Filter>Header Files</Filter>
    </ClInclude>
    <ClInclude Include="..\include\il_gif.h">
      <Filter>Header Files</Filter>
    </ClInclude>
    <ClInclude Include="..\include\il_hdr.h">
      <Filter>Header Files</Filter>
    </ClInclude>
    <ClInclude Include="..\include\il_icon.h">
      <Filter>Header Files</Filter>
    </ClInclude>
    <ClInclude Include="..\include\il_internal.h">
      <Filter>Header Files</Filter>
    </ClInclude>
    <ClInclude Include="..\include\il_jpeg.h">
      <Filter>Header Files</Filter>
    </ClInclude>
    <ClInclude Include="..\include\il_lif.h">
      <Filter>Header Files</Filter>
    </ClInclude>
    <ClInclude Include="..\include\il_manip.h">
      <Filter>Header Files</Filter>
    </ClInclude>
    <ClInclude Include="..\include\il_mdl.h">
      <Filter>Header Files</Filter>
    </ClInclude>
    <ClInclude Include="..\include\il_pal.h">
      <Filter>Header Files</Filter>
    </ClInclude>
    <ClInclude Include="..\include\il_pcx.h">
      <Filter>Header Files</Filter>
    </ClInclude>
    <ClInclude Include="..\include\il_pic.h">
      <Filter>Header Files</Filter>
    </ClInclude>
    <ClInclude Include="..\include\il_pnm.h">
      <Filter>Header Files</Filter>
    </ClInclude>
    <ClInclude Include="..\include\il_psd.h">
      <Filter>Header Files</Filter>
    </ClInclude>
    <ClInclude Include="..\include\il_psp.h">
      <Filter>Header Files</Filter>
    </ClInclude>
    <ClInclude Include="..\include\il_q2pal.h">
      <Filter>Header Files</Filter>
    </ClInclude>
    <ClInclude Include="..\include\il_register.h">
      <Filter>Header Files</Filter>
    </ClInclude>
    <ClInclude Include="..\include\il_rle.h">
      <Filter>Header Files</Filter>
    </ClInclude>
    <ClInclude Include="..\include\il_sgi.h">
      <Filter>Header Files</Filter>
    </ClInclude>
    <ClInclude Include="..\include\il_stack.h">
      <Filter>Header Files</Filter>
    </ClInclude>
    <ClInclude Include="..\include\il_states.h">
      <Filter>Header Files</Filter>
    </ClInclude>
    <ClInclude Include="..\include\il_targa.h">
      <Filter>Header Files</Filter>
    </ClInclude>
  </ItemGroup>
  <ItemGroup>
    <ResourceCompile Include="IL.rc">
      <Filter>Resource Files</Filter>
    </ResourceCompile>
  </ItemGroup>
  <ItemGroup>
    <CustomBuildStep Include="il.def">
      <Filter>Source Files</Filter>
    </CustomBuildStep>
  </ItemGroup>
</Project>